
Microsoft Visual Studio Solution File, Format Version 12.00
# Visual Studio Version 16
VisualStudioVersion = 16.0.29905.134
MinimumVisualStudioVersion = 10.0.40219.1
Project("{FAE04EC0-301F-11D3-BF4B-00C04F79EFBC}") = "taxii", "taxii\taxii.csproj", "{8403BF3F-63CA-40CE-A2C4-B15D7D961DF4}"
EndProject
Global
	GlobalSection(SolutionConfigurationPlatforms) = preSolution
		Debug|Any CPU = Debug|Any CPU
		Release|Any CPU = Release|Any CPU
	EndGlobalSection
	GlobalSection(ProjectConfigurationPlatforms) = postSolution
		{8403BF3F-63CA-40CE-A2C4-B15D7D961DF4}.Debug|Any CPU.ActiveCfg = Debug|Any CPU
		{8403BF3F-63CA-40CE-A2C4-B15D7D961DF4}.Debug|Any CPU.Build.0 = Debug|Any CPU
		{8403BF3F-63CA-40CE-A2C4-B15D7D961DF4}.Release|Any CPU.ActiveCfg = Release|Any CPU
		{8403BF3F-63CA-40CE-A2C4-B15D7D961DF4}.Release|Any CPU.Build.0 = Release|Any CPU
	EndGlobalSection
	GlobalSection(SolutionProperties) = preSolution
		HideSolutionNode = FALSE
	EndGlobalSection
	GlobalSection(ExtensibilityGlobals) = postSolution
		SolutionGuid = {9FDB8410-5FD5-44D9-A76E-A561879E9856}
	EndGlobalSection
EndGlobal
